
Microsoft Visual Studio Solution File, Format Version 12.00
# Visual Studio Version 17
VisualStudioVersion = 17.6.33829.357
MinimumVisualStudioVersion = 10.0.40219.1
Project("{9A19103F-16F7-4668-BE54-9A1E7A4F7556}") = "Clinic.Web", "Clinic.Web\Clinic.Web.csproj", "{57AE0B47-7627-4702-9361-1A185AEB01F5}"
EndProject
Project("{9A19103F-16F7-4668-BE54-9A1E7A4F7556}") = "Clinic.Core", "Clinic.Core\Clinic.Core.csproj", "{075949CF-6827-4230-A337-58CD9A1585DD}"
EndProject
Project("{9A19103F-16F7-4668-BE54-9A1E7A4F7556}") = "Clinic.ViewModels", "Clinic.ViewModels\Clinic.ViewModels.csproj", "{6108BFF9-4172-4B37-AE56-A9490362B838}"
EndProject
Project("{9A19103F-16F7-4668-BE54-9A1E7A4F7556}") = "Clinic.Shared", "Clinic.Shared\Clinic.Shared.csproj", "{428ABC41-32AE-496E-9D16-565F8B9DA098}"
EndProject
Global
	GlobalSection(SolutionConfigurationPlatforms) = preSolution
		Debug|Any CPU = Debug|Any CPU
		Release|Any CPU = Release|Any CPU
	EndGlobalSection
	GlobalSection(ProjectConfigurationPlatforms) = postSolution
		{57AE0B47-7627-4702-9361-1A185AEB01F5}.Debug|Any CPU.ActiveCfg = Debug|Any CPU
		{57AE0B47-7627-4702-9361-1A185AEB01F5}.Debug|Any CPU.Build.0 = Debug|Any CPU
		{57AE0B47-7627-4702-9361-1A185AEB01F5}.Release|Any CPU.ActiveCfg = Release|Any CPU
		{57AE0B47-7627-4702-9361-1A185AEB01F5}.Release|Any CPU.Build.0 = Release|Any CPU
		{075949CF-6827-4230-A337-58CD9A1585DD}.Debug|Any CPU.ActiveCfg = Debug|Any CPU
		{075949CF-6827-4230-A337-58CD9A1585DD}.Debug|Any CPU.Build.0 = Debug|Any CPU
		{075949CF-6827-4230-A337-58CD9A1585DD}.Release|Any CPU.ActiveCfg = Release|Any CPU
		{075949CF-6827-4230-A337-58CD9A1585DD}.Release|Any CPU.Build.0 = Release|Any CPU
		{6108BFF9-4172-4B37-AE56-A9490362B838}.Debug|Any CPU.ActiveCfg = Debug|Any CPU
		{6108BFF9-4172-4B37-AE56-A9490362B838}.Debug|Any CPU.Build.0 = Debug|Any CPU
		{6108BFF9-4172-4B37-AE56-A9490362B838}.Release|Any CPU.ActiveCfg = Release|Any CPU
		{6108BFF9-4172-4B37-AE56-A9490362B838}.Release|Any CPU.Build.0 = Release|Any CPU
		{428ABC41-32AE-496E-9D16-565F8B9DA098}.Debug|Any CPU.ActiveCfg = Debug|Any CPU
		{428ABC41-32AE-496E-9D16-565F8B9DA098}.Debug|Any CPU.Build.0 = Debug|Any CPU
		{428ABC41-32AE-496E-9D16-565F8B9DA098}.Release|Any CPU.ActiveCfg = Release|Any CPU
		{428ABC41-32AE-496E-9D16-565F8B9DA098}.Release|Any CPU.Build.0 = Release|Any CPU
	EndGlobalSection
	GlobalSection(SolutionProperties) = preSolution
		HideSolutionNode = FALSE
	EndGlobalSection
	GlobalSection(ExtensibilityGlobals) = postSolution
		SolutionGuid = {E1143C4E-BECD-4D12-AEF0-FD3FC1661FDF}
	EndGlobalSection
EndGlobal
